{
  "requires": true,
  "lockfileVersion": 1,
  "dependencies": {
    "fx-layout-vue": {
      "version": "1.1.0",
      "resolved": "https://registry.npmjs.org/fx-layout-vue/-/fx-layout-vue-1.1.0.tgz",
      "integrity": "sha512-YX5byyFPoFAqYhbaSp/q5z1sTwBTdec39frLuuItPCgUZXOjB/1FxCQOx9cBA4ISDO8u9rEfETK2Li0MdSi9qA=="
    },
    "vue-axios": {
      "version": "2.1.5",
      "resolved": "https://registry.npmjs.org/vue-axios/-/vue-axios-2.1.5.tgz",
      "integrity": "sha512-th5xVbInVoyIoe+qY+9GCflEVezxAvztD4xpFF39SRQYqpoKD2qkmX8yv08jJG9a2SgNOCjirjJGSwg/wTrbmA=="
    }
  }
}
